
Microsoft Visual Studio Solution File, Format Version 12.00
# Visual Studio Version 17
VisualStudioVersion = 17.8.34330.188
MinimumVisualStudioVersion = 10.0.40219.1
Project("{FAE04EC0-301F-11D3-BF4B-00C04F79EFBC}") = "KutuphaneOtomasyonWinForm", "KutuphaneOtomasyonWinForm\KutuphaneOtomasyonWinForm.csproj", "{11C3C122-A546-449D-9843-086EECDA5E98}"
EndProject
Global
	GlobalSection(SolutionConfigurationPlatforms) = preSolution
		Debug|Any CPU = Debug|Any CPU
		Release|Any CPU = Release|Any CPU
	EndGlobalSection
	GlobalSection(ProjectConfigurationPlatforms) = postSolution
		{11C3C122-A546-449D-9843-086EECDA5E98}.Debug|Any CPU.ActiveCfg = Debug|Any CPU
		{11C3C122-A546-449D-9843-086EECDA5E98}.Debug|Any CPU.Build.0 = Debug|Any CPU
		{11C3C122-A546-449D-9843-086EECDA5E98}.Release|Any CPU.ActiveCfg = Release|Any CPU
		{11C3C122-A546-449D-9843-086EECDA5E98}.Release|Any CPU.Build.0 = Release|Any CPU
	EndGlobalSection
	GlobalSection(SolutionProperties) = preSolution
		HideSolutionNode = FALSE
	EndGlobalSection
	GlobalSection(ExtensibilityGlobals) = postSolution
		SolutionGuid = {D557AC0E-396F-4FB4-BCF2-FA02E2375B3C}
	EndGlobalSection
EndGlobal
